// !$*UTF8*$!
{
	archiveVersion = 1;
	classes = {
	};
	objectVersion = 56;
	objects = {

/* Begin PBXBuildFile section */
		237869262B9F8BD90048A468 /* GoogleService-Info.plist in Resources */ = {isa = PBXBuildFile; fileRef = 237869252B9F8BD90048A468 /* GoogleService-Info.plist */; };
		237869292B9F8C2F0048A468 /* FirebaseAuth in Frameworks */ = {isa = PBXBuildFile; productRef = 237869282B9F8C2F0048A468 /* FirebaseAuth */; };
		2378692B2B9F8C2F0048A468 /* FirebaseStorage in Frameworks */ = {isa = PBXBuildFile; productRef = 2378692A2B9F8C2F0048A468 /* FirebaseStorage */; };
		2378692D2B9F900E0048A468 /* FirebaseFirestore in Frameworks */ = {isa = PBXBuildFile; productRef = 2378692C2B9F900E0048A468 /* FirebaseFirestore */; };
		2378692F2B9F93EC0048A468 /* Constants.swift in Sources */ = {isa = PBXBuildFile; fileRef = 2378692E2B9F93EC0048A468 /* Constants.swift */; };
		237869312B9FAA500048A468 /* Message.swift in Sources */ = {isa = PBXBuildFile; fileRef = 237869302B9FAA500048A468 /* Message.swift */; };
		2378693A2B9FB17A0048A468 /* ChatViewController.swift in Sources */ = {isa = PBXBuildFile; fileRef = 237869392B9FB17A0048A468 /* ChatViewController.swift */; };
		238521CA2BA0F5D800D88CA7 /* MessageCell.swift in Sources */ = {isa = PBXBuildFile; fileRef = 238521C82BA0F5D800D88CA7 /* MessageCell.swift */; };
		238521CB2BA0F5D800D88CA7 /* MessageCell.xib in Resources */ = {isa = PBXBuildFile; fileRef = 238521C92BA0F5D800D88CA7 /* MessageCell.xib */; };
		890890682B3FA02B0047EA8E /* bookDetailsViewController.swift in Sources */ = {isa = PBXBuildFile; fileRef = 890890672B3FA02B0047EA8E /* bookDetailsViewController.swift */; };
		8908906A2B3FA79C0047EA8E /* Data.swift in Sources */ = {isa = PBXBuildFile; fileRef = 890890692B3FA79C0047EA8E /* Data.swift */; };
		8908906F2B3FAE780047EA8E /* bookCell.swift in Sources */ = {isa = PBXBuildFile; fileRef = 8908906D2B3FAE780047EA8E /* bookCell.swift */; };
		890890702B3FAE780047EA8E /* bookCell.xib in Resources */ = {isa = PBXBuildFile; fileRef = 8908906E2B3FAE780047EA8E /* bookCell.xib */; };
		89A59FC02B15456100816145 /* AppDelegate.swift in Sources */ = {isa = PBXBuildFile; fileRef = 89A59FBF2B15456100816145 /* AppDelegate.swift */; };
		89A59FC22B15456100816145 /* SceneDelegate.swift in Sources */ = {isa = PBXBuildFile; fileRef = 89A59FC12B15456100816145 /* SceneDelegate.swift */; };
		89A59FC42B15456100816145 /* ViewController.swift in Sources */ = {isa = PBXBuildFile; fileRef = 89A59FC32B15456100816145 /* ViewController.swift */; };
		89A59FC72B15456100816145 /* Main.storyboard in Resources */ = {isa = PBXBuildFile; fileRef = 89A59FC52B15456100816145 /* Main.storyboard */; };
		89A59FC92B15456300816145 /* Assets.xcassets in Resources */ = {isa = PBXBuildFile; fileRef = 89A59FC82B15456300816145 /* Assets.xcassets */; };
		89A59FCC2B15456300816145 /* LaunchScreen.storyboard in Resources */ = {isa = PBXBuildFile; fileRef = 89A59FCA2B15456300816145 /* LaunchScreen.storyboard */; };
		89A59FD72B15456300816145 /* bookswap2Tests.swift in Sources */ = {isa = PBXBuildFile; fileRef = 89A59FD62B15456300816145 /* bookswap2Tests.swift */; };
		89A59FE12B15456300816145 /* bookswap2UITests.swift in Sources */ = {isa = PBXBuildFile; fileRef = 89A59FE02B15456300816145 /* bookswap2UITests.swift */; };
		89A59FE32B15456300816145 /* bookswap2UITestsLaunchTests.swift in Sources */ = {isa = PBXBuildFile; fileRef = 89A59FE22B15456300816145 /* bookswap2UITestsLaunchTests.swift */; };
		89B1918A2B43874D0072362D /* test.swift in Sources */ = {isa = PBXBuildFile; fileRef = 89B191892B43874D0072362D /* test.swift */; };
		89DAC6B72B1D377700FCF4B9 /* profileViewController.swift in Sources */ = {isa = PBXBuildFile; fileRef = 89DAC6B62B1D377700FCF4B9 /* profileViewController.swift */; };
		89DAC6B92B1D3B8000FCF4B9 /* homeViewController.swift in Sources */ = {isa = PBXBuildFile; fileRef = 89DAC6B82B1D3B8000FCF4B9 /* homeViewController.swift */; };
		89DAC6BB2B1D500F00FCF4B9 /* libraryViewController.swift in Sources */ = {isa = PBXBuildFile; fileRef = 89DAC6BA2B1D500F00FCF4B9 /* libraryViewController.swift */; };
		89DAC6BD2B1D58CD00FCF4B9 /* addBookViewController.swift in Sources */ = {isa = PBXBuildFile; fileRef = 89DAC6BC2B1D58CD00FCF4B9 /* addBookViewController.swift */; };
/* End PBXBuildFile section */

/* Begin PBXContainerItemProxy section */
		89A59FD32B15456300816145 /* PBXContainerItemProxy */ = {
			isa = PBXContainerItemProxy;
			containerPortal = 89A59FB42B15456100816145 /* Project object */;
			proxyType = 1;
			remoteGlobalIDString = 89A59FBB2B15456100816145;
			remoteInfo = bookswap2;
		};
		89A59FDD2B15456300816145 /* PBXContainerItemProxy */ = {
			isa = PBXContainerItemProxy;
			containerPortal = 89A59FB42B15456100816145 /* Project object */;
			proxyType = 1;
			remoteGlobalIDString = 89A59FBB2B15456100816145;
			remoteInfo = bookswap2;
		};
/* End PBXContainerItemProxy section */

/* Begin PBXFileReference section */
		237869252B9F8BD90048A468 /* GoogleService-Info.plist */ = {isa = PBXFileReference; fileEncoding = 4; lastKnownFileType = text.plist.xml; path = "GoogleService-Info.plist"; sourceTree = "<group>"; };
		2378692E2B9F93EC0048A468 /* Constants.swift */ = {isa = PBXFileReference; lastKnownFileType = sourcecode.swift; path = Constants.swift; sourceTree = "<group>"; };
		237869302B9FAA500048A468 /* Message.swift */ = {isa = PBXFileReference; lastKnownFileType = sourcecode.swift; path = Message.swift; sourceTree = "<group>"; };
		237869392B9FB17A0048A468 /* ChatViewController.swift */ = {isa = PBXFileReference; lastKnownFileType = sourcecode.swift; path = ChatViewController.swift; sourceTree = "<group>"; };
		238521C82BA0F5D800D88CA7 /* MessageCell.swift */ = {isa = PBXFileReference; lastKnownFileType = sourcecode.swift; path = MessageCell.swift; sourceTree = "<group>"; };
		238521C92BA0F5D800D88CA7 /* MessageCell.xib */ = {isa = PBXFileReference; lastKnownFileType = file.xib; path = MessageCell.xib; sourceTree = "<group>"; };
		890890672B3FA02B0047EA8E /* bookDetailsViewController.swift */ = {isa = PBXFileReference; lastKnownFileType = sourcecode.swift; path = bookDetailsViewController.swift; sourceTree = "<group>"; };
		890890692B3FA79C0047EA8E /* Data.swift */ = {isa = PBXFileReference; lastKnownFileType = sourcecode.swift; path = Data.swift; sourceTree = "<group>"; };
		8908906D2B3FAE780047EA8E /* bookCell.swift */ = {isa = PBXFileReference; lastKnownFileType = sourcecode.swift; path = bookCell.swift; sourceTree = "<group>"; };
		8908906E2B3FAE780047EA8E /* bookCell.xib */ = {isa = PBXFileReference; lastKnownFileType = file.xib; path = bookCell.xib; sourceTree = "<group>"; };
		89959D642B410998005D1D28 /* bookswap2.entitlements */ = {isa = PBXFileReference; lastKnownFileType = text.plist.entitlements; path = bookswap2.entitlements; sourceTree = "<group>"; };
		89A59FBC2B15456100816145 /* bookswap2.app */ = {isa = PBXFileReference; explicitFileType = wrapper.application; includeInIndex = 0; path = bookswap2.app; sourceTree = BUILT_PRODUCTS_DIR; };
		89A59FBF2B15456100816145 /* AppDelegate.swift */ = {isa = PBXFileReference; lastKnownFileType = sourcecode.swift; path = AppDelegate.swift; sourceTree = "<group>"; };
		89A59FC12B15456100816145 /* SceneDelegate.swift */ = {isa = PBXFileReference; lastKnownFileType = sourcecode.swift; path = SceneDelegate.swift; sourceTree = "<group>"; };
		89A59FC32B15456100816145 /* ViewController.swift */ = {isa = PBXFileReference; lastKnownFileType = sourcecode.swift; path = ViewController.swift; sourceTree = "<group>"; };
		89A59FC62B15456100816145 /* Base */ = {isa = PBXFileReference; lastKnownFileType = file.storyboard; name = Base; path = Base.lproj/Main.storyboard; sourceTree = "<group>"; };
		89A59FC82B15456300816145 /* Assets.xcassets */ = {isa = PBXFileReference; lastKnownFileType = folder.assetcatalog; path = Assets.xcassets; sourceTree = "<group>"; };
		89A59FCB2B15456300816145 /* Base */ = {isa = PBXFileReference; lastKnownFileType = file.storyboard; name = Base; path = Base.lproj/LaunchScreen.storyboard; sourceTree = "<group>"; };
		89A59FCD2B15456300816145 /* Info.plist */ = {isa = PBXFileReference; lastKnownFileType = text.plist.xml; path = Info.plist; sourceTree = "<group>"; };
		89A59FD22B15456300816145 /* bookswap2Tests.xctest */ = {isa = PBXFileReference; explicitFileType = wrapper.cfbundle; includeInIndex = 0; path = bookswap2Tests.xctest; sourceTree = BUILT_PRODUCTS_DIR; };
		89A59FD62B15456300816145 /* bookswap2Tests.swift */ = {isa = PBXFileReference; lastKnownFileType = sourcecode.swift; path = bookswap2Tests.swift; sourceTree = "<group>"; };
		89A59FDC2B15456300816145 /* bookswap2UITests.xctest */ = {isa = PBXFileReference; explicitFileType = wrapper.cfbundle; includeInIndex = 0; path = bookswap2UITests.xctest; sourceTree = BUILT_PRODUCTS_DIR; };
		89A59FE02B15456300816145 /* bookswap2UITests.swift */ = {isa = PBXFileReference; lastKnownFileType = sourcecode.swift; path = bookswap2UITests.swift; sourceTree = "<group>"; };
		89A59FE22B15456300816145 /* bookswap2UITestsLaunchTests.swift */ = {isa = PBXFileReference; lastKnownFileType = sourcecode.swift; path = bookswap2UITestsLaunchTests.swift; sourceTree = "<group>"; };
		89B191892B43874D0072362D /* test.swift */ = {isa = PBXFileReference; lastKnownFileType = sourcecode.swift; path = test.swift; sourceTree = "<group>"; };
		89DAC6B62B1D377700FCF4B9 /* profileViewController.swift */ = {isa = PBXFileReference; lastKnownFileType = sourcecode.swift; path = profileViewController.swift; sourceTree = "<group>"; };
		89DAC6B82B1D3B8000FCF4B9 /* homeViewController.swift */ = {isa = PBXFileReference; lastKnownFileType = sourcecode.swift; path = homeViewController.swift; sourceTree = "<group>"; };
		89DAC6BA2B1D500F00FCF4B9 /* libraryViewController.swift */ = {isa = PBXFileReference; lastKnownFileType = sourcecode.swift; path = libraryViewController.swift; sourceTree = "<group>"; };
		89DAC6BC2B1D58CD00FCF4B9 /* addBookViewController.swift */ = {isa = PBXFileReference; lastKnownFileType = sourcecode.swift; path = addBookViewController.swift; sourceTree = "<group>"; };
/* End PBXFileReference section */

/* Begin PBXFrameworksBuildPhase section */
		89A59FB92B15456100816145 /* Frameworks */ = {
			isa = PBXFrameworksBuildPhase;
			buildActionMask = 2147483647;
			files = (
				237869292B9F8C2F0048A468 /* FirebaseAuth in Frameworks */,
				2378692B2B9F8C2F0048A468 /* FirebaseStorage in Frameworks */,
				2378692D2B9F900E0048A468 /* FirebaseFirestore in Frameworks */,
			);
			runOnlyForDeploymentPostprocessing = 0;
		};
		89A59FCF2B15456300816145 /* Frameworks */ = {
			isa = PBXFrameworksBuildPhase;
			buildActionMask = 2147483647;
			files = (
			);
			runOnlyForDeploymentPostprocessing = 0;
		};
		89A59FD92B15456300816145 /* Frameworks */ = {
			isa = PBXFrameworksBuildPhase;
			buildActionMask = 2147483647;
			files = (
			);
			runOnlyForDeploymentPostprocessing = 0;
		};
/* End PBXFrameworksBuildPhase section */

/* Begin PBXGroup section */
		237869322B9FAA650048A468 /* Models */ = {
			isa = PBXGroup;
			children = (
				237869302B9FAA500048A468 /* Message.swift */,
			);
			path = Models;
			sourceTree = "<group>";
		};
		237869332B9FAA910048A468 /* Views */ = {
			isa = PBXGroup;
			children = (
				89A59FC52B15456100816145 /* Main.storyboard */,
				238521C82BA0F5D800D88CA7 /* MessageCell.swift */,
				238521C92BA0F5D800D88CA7 /* MessageCell.xib */,
			);
			path = Views;
			sourceTree = "<group>";
		};
		237869342B9FAA9F0048A468 /* Controllers */ = {
			isa = PBXGroup;
			children = (
				237869392B9FB17A0048A468 /* ChatViewController.swift */,
			);
			path = Controllers;
			sourceTree = "<group>";
		};
		89A59FB32B15456100816145 = {
			isa = PBXGroup;
			children = (
				89A59FBE2B15456100816145 /* bookswap2 */,
				89A59FD52B15456300816145 /* bookswap2Tests */,
				89A59FDF2B15456300816145 /* bookswap2UITests */,
				89A59FBD2B15456100816145 /* Products */,
			);
			sourceTree = "<group>";
		};
		89A59FBD2B15456100816145 /* Products */ = {
			isa = PBXGroup;
			children = (
				89A59FBC2B15456100816145 /* bookswap2.app */,
				89A59FD22B15456300816145 /* bookswap2Tests.xctest */,
				89A59FDC2B15456300816145 /* bookswap2UITests.xctest */,
			);
			name = Products;
			sourceTree = "<group>";
		};
		89A59FBE2B15456100816145 /* bookswap2 */ = {
			isa = PBXGroup;
			children = (
				237869322B9FAA650048A468 /* Models */,
				237869332B9FAA910048A468 /* Views */,
				237869342B9FAA9F0048A468 /* Controllers */,
				89959D642B410998005D1D28 /* bookswap2.entitlements */,
				89A59FBF2B15456100816145 /* AppDelegate.swift */,
				89A59FC12B15456100816145 /* SceneDelegate.swift */,
				89A59FC32B15456100816145 /* ViewController.swift */,
				89DAC6BC2B1D58CD00FCF4B9 /* addBookViewController.swift */,
				89B191892B43874D0072362D /* test.swift */,
				89DAC6BA2B1D500F00FCF4B9 /* libraryViewController.swift */,
				89DAC6B82B1D3B8000FCF4B9 /* homeViewController.swift */,
				8908906D2B3FAE780047EA8E /* bookCell.swift */,
				8908906E2B3FAE780047EA8E /* bookCell.xib */,
				890890692B3FA79C0047EA8E /* Data.swift */,
				890890672B3FA02B0047EA8E /* bookDetailsViewController.swift */,
				89DAC6B62B1D377700FCF4B9 /* profileViewController.swift */,
				89A59FC82B15456300816145 /* Assets.xcassets */,
				89A59FCA2B15456300816145 /* LaunchScreen.storyboard */,
				89A59FCD2B15456300816145 /* Info.plist */,
				237869252B9F8BD90048A468 /* GoogleService-Info.plist */,
				2378692E2B9F93EC0048A468 /* Constants.swift */,
			);
			path = bookswap2;
			sourceTree = "<group>";
		};
		89A59FD52B15456300816145 /* bookswap2Tests */ = {
			isa = PBXGroup;
			children = (
				89A59FD62B15456300816145 /* bookswap2Tests.swift */,
			);
			path = bookswap2Tests;
			sourceTree = "<group>";
		};
		89A59FDF2B15456300816145 /* bookswap2UITests */ = {
			isa = PBXGroup;
			children = (
				89A59FE02B15456300816145 /* bookswap2UITests.swift */,
				89A59FE22B15456300816145 /* bookswap2UITestsLaunchTests.swift */,
			);
			path = bookswap2UITests;
			sourceTree = "<group>";
		};
/* End PBXGroup section */

/* Begin PBXNativeTarget section */
		89A59FBB2B15456100816145 /* bookswap2 */ = {
			isa = PBXNativeTarget;
			buildConfigurationList = 89A59FE62B15456300816145 /* Build configuration list for PBXNativeTarget "bookswap2" */;
			buildPhases = (
				89A59FB82B15456100816145 /* Sources */,
				89A59FB92B15456100816145 /* Frameworks */,
				89A59FBA2B15456100816145 /* Resources */,
			);
			buildRules = (
			);
			dependencies = (
			);
			name = bookswap2;
			packageProductDependencies = (
				237869282B9F8C2F0048A468 /* FirebaseAuth */,
				2378692A2B9F8C2F0048A468 /* FirebaseStorage */,
				2378692C2B9F900E0048A468 /* FirebaseFirestore */,
			);
			productName = bookswap2;
			productReference = 89A59FBC2B15456100816145 /* bookswap2.app */;
			productType = "com.apple.product-type.application";
		};
		89A59FD12B15456300816145 /* bookswap2Tests */ = {
			isa = PBXNativeTarget;
			buildConfigurationList = 89A59FE92B15456300816145 /* Build configuration list for PBXNativeTarget "bookswap2Tests" */;
			buildPhases = (
				89A59FCE2B15456300816145 /* Sources */,
				89A59FCF2B15456300816145 /* Frameworks */,
				89A59FD02B15456300816145 /* Resources */,
			);
			buildRules = (
			);
			dependencies = (
				89A59FD42B15456300816145 /* PBXTargetDependency */,
			);
			name = bookswap2Tests;
			productName = bookswap2Tests;
			productReference = 89A59FD22B15456300816145 /* bookswap2Tests.xctest */;
			productType = "com.apple.product-type.bundle.unit-test";
		};
		89A59FDB2B15456300816145 /* bookswap2UITests */ = {
			isa = PBXNativeTarget;
			buildConfigurationList = 89A59FEC2B15456300816145 /* Build configuration list for PBXNativeTarget "bookswap2UITests" */;
			buildPhases = (
				89A59FD82B15456300816145 /* Sources */,
				89A59FD92B15456300816145 /* Frameworks */,
				89A59FDA2B15456300816145 /* Resources */,
			);
			buildRules = (
			);
			dependencies = (
				89A59FDE2B15456300816145 /* PBXTargetDependency */,
			);
			name = bookswap2UITests;
			productName = bookswap2UITests;
			productReference = 89A59FDC2B15456300816145 /* bookswap2UITests.xctest */;
			productType = "com.apple.product-type.bundle.ui-testing";
		};
/* End PBXNativeTarget section */

/* Begin PBXProject section */
		89A59FB42B15456100816145 /* Project object */ = {
			isa = PBXProject;
			attributes = {
				BuildIndependentTargetsInParallel = 1;
				LastSwiftUpdateCheck = 1420;
				LastUpgradeCheck = 1420;
				TargetAttributes = {
					89A59FBB2B15456100816145 = {
						CreatedOnToolsVersion = 14.2;
					};
					89A59FD12B15456300816145 = {
						CreatedOnToolsVersion = 14.2;
						TestTargetID = 89A59FBB2B15456100816145;
					};
					89A59FDB2B15456300816145 = {
						CreatedOnToolsVersion = 14.2;
						TestTargetID = 89A59FBB2B15456100816145;
					};
				};
			};
			buildConfigurationList = 89A59FB72B15456100816145 /* Build configuration list for PBXProject "bookswap2" */;
			compatibilityVersion = "Xcode 14.0";
			developmentRegion = en;
			hasScannedForEncodings = 0;
			knownRegions = (
				en,
				Base,
			);
			mainGroup = 89A59FB32B15456100816145;
			packageReferences = (
				237869272B9F8C2F0048A468 /* XCRemoteSwiftPackageReference "firebase-ios-sdk" */,
			);
			productRefGroup = 89A59FBD2B15456100816145 /* Products */;
			projectDirPath = "";
			projectRoot = "";
			targets = (
				89A59FBB2B15456100816145 /* bookswap2 */,
				89A59FD12B15456300816145 /* bookswap2Tests */,
				89A59FDB2B15456300816145 /* bookswap2UITests */,
			);
		};
/* End PBXProject section */

/* Begin PBXResourcesBuildPhase section */
		89A59FBA2B15456100816145 /* Resources */ = {
			isa = PBXResourcesBuildPhase;
			buildActionMask = 2147483647;
			files = (
				890890702B3FAE780047EA8E /* bookCell.xib in Resources */,
				238521CB2BA0F5D800D88CA7 /* MessageCell.xib in Resources */,
				89A59FCC2B15456300816145 /* LaunchScreen.storyboard in Resources */,
				237869262B9F8BD90048A468 /* GoogleService-Info.plist in Resources */,
				89A59FC92B15456300816145 /* Assets.xcassets in Resources */,
				89A59FC72B15456100816145 /* Main.storyboard in Resources */,
			);
			runOnlyForDeploymentPostprocessing = 0;
		};
		89A59FD02B15456300816145 /* Resources */ = {
			isa = PBXResourcesBuildPhase;
			buildActionMask = 2147483647;
			files = (
			);
			runOnlyForDeploymentPostprocessing = 0;
		};
		89A59FDA2B15456300816145 /* Resources */ = {
			isa = PBXResourcesBuildPhase;
			buildActionMask = 2147483647;
			files = (
			);
			runOnlyForDeploymentPostprocessing = 0;
		};
/* End PBXResourcesBuildPhase section */

/* Begin PBXSourcesBuildPhase section */
		89A59FB82B15456100816145 /* Sources */ = {
			isa = PBXSourcesBuildPhase;
			buildActionMask = 2147483647;
			files = (
				89DAC6BB2B1D500F00FCF4B9 /* libraryViewController.swift in Sources */,
				89A59FC42B15456100816145 /* ViewController.swift in Sources */,
				890890682B3FA02B0047EA8E /* bookDetailsViewController.swift in Sources */,
				89A59FC02B15456100816145 /* AppDelegate.swift in Sources */,
				8908906F2B3FAE780047EA8E /* bookCell.swift in Sources */,
				89DAC6BD2B1D58CD00FCF4B9 /* addBookViewController.swift in Sources */,
				8908906A2B3FA79C0047EA8E /* Data.swift in Sources */,
				89DAC6B72B1D377700FCF4B9 /* profileViewController.swift in Sources */,
				89DAC6B92B1D3B8000FCF4B9 /* homeViewController.swift in Sources */,
				237869312B9FAA500048A468 /* Message.swift in Sources */,
				89A59FC22B15456100816145 /* SceneDelegate.swift in Sources */,
				238521CA2BA0F5D800D88CA7 /* MessageCell.swift in Sources */,
				89B1918A2B43874D0072362D /* test.swift in Sources */,
				2378693A2B9FB17A0048A468 /* ChatViewController.swift in Sources */,
				2378692F2B9F93EC0048A468 /* Constants.swift in Sources */,
			);
			runOnlyForDeploymentPostprocessing = 0;
		};
		89A59FCE2B15456300816145 /* Sources */ = {
			isa = PBXSourcesBuildPhase;
			buildActionMask = 2147483647;
			files = (
				89A59FD72B15456300816145 /* bookswap2Tests.swift in Sources */,
			);
			runOnlyForDeploymentPostprocessing = 0;
		};
		89A59FD82B15456300816145 /* Sources */ = {
			isa = PBXSourcesBuildPhase;
			buildActionMask = 2147483647;
			files = (
				89A59FE12B15456300816145 /* bookswap2UITests.swift in Sources */,
				89A59FE32B15456300816145 /* bookswap2UITestsLaunchTests.swift in Sources */,
			);
			runOnlyForDeploymentPostprocessing = 0;
		};
/* End PBXSourcesBuildPhase section */

/* Begin PBXTargetDependency section */
		89A59FD42B15456300816145 /* PBXTargetDependency */ = {
			isa = PBXTargetDependency;
			target = 89A59FBB2B15456100816145 /* bookswap2 */;
			targetProxy = 89A59FD32B15456300816145 /* PBXContainerItemProxy */;
		};
		89A59FDE2B15456300816145 /* PBXTargetDependency */ = {
			isa = PBXTargetDependency;
			target = 89A59FBB2B15456100816145 /* bookswap2 */;
			targetProxy = 89A59FDD2B15456300816145 /* PBXContainerItemProxy */;
		};
/* End PBXTargetDependency section */

/* Begin PBXVariantGroup section */
		89A59FC52B15456100816145 /* Main.storyboard */ = {
			isa = PBXVariantGroup;
			children = (
				89A59FC62B15456100816145 /* Base */,
			);
			name = Main.storyboard;
			sourceTree = "<group>";
		};
		89A59FCA2B15456300816145 /* LaunchScreen.storyboard */ = {
			isa = PBXVariantGroup;
			children = (
				89A59FCB2B15456300816145 /* Base */,
			);
			name = LaunchScreen.storyboard;
			sourceTree = "<group>";
		};
/* End PBXVariantGroup section */

/* Begin XCBuildConfiguration section */
		89A59FE42B15456300816145 /* Debug */ = {
			isa = XCBuildConfiguration;
			buildSettings = {
				ALWAYS_SEARCH_USER_PATHS = NO;
				CLANG_ANALYZER_NONNULL = YES;
				CLANG_ANALYZER_NUMBER_OBJECT_CONVERSION = YES_AGGRESSIVE;
				CLANG_CXX_LANGUAGE_STANDARD = "gnu++20";
				CLANG_ENABLE_MODULES = YES;
				CLANG_ENABLE_OBJC_ARC = YES;
				CLANG_ENABLE_OBJC_WEAK = YES;
				CLANG_WARN_BLOCK_CAPTURE_AUTORELEASING = YES;
				CLANG_WARN_BOOL_CONVERSION = YES;
				CLANG_WARN_COMMA = YES;
				CLANG_WARN_CONSTANT_CONVERSION = YES;
				CLANG_WARN_DEPRECATED_OBJC_IMPLEMENTATIONS = YES;
				CLANG_WARN_DIRECT_OBJC_ISA_USAGE = YES_ERROR;
				CLANG_WARN_DOCUMENTATION_COMMENTS = YES;
				CLANG_WARN_EMPTY_BODY = YES;
				CLANG_WARN_ENUM_CONVERSION = YES;
				CLANG_WARN_INFINITE_RECURSION = YES;
				CLANG_WARN_INT_CONVERSION = YES;
				CLANG_WARN_NON_LITERAL_NULL_CONVERSION = YES;
				CLANG_WARN_OBJC_IMPLICIT_RETAIN_SELF = YES;
				CLANG_WARN_OBJC_LITERAL_CONVERSION = YES;
				CLANG_WARN_OBJC_ROOT_CLASS = YES_ERROR;
				CLANG_WARN_QUOTED_INCLUDE_IN_FRAMEWORK_HEADER = YES;
				CLANG_WARN_RANGE_LOOP_ANALYSIS = YES;
				CLANG_WARN_STRICT_PROTOTYPES = YES;
				CLANG_WARN_SUSPICIOUS_MOVE = YES;
				CLANG_WARN_UNGUARDED_AVAILABILITY = YES_AGGRESSIVE;
				CLANG_WARN_UNREACHABLE_CODE = YES;
				CLANG_WARN__DUPLICATE_METHOD_MATCH = YES;
				COPY_PHASE_STRIP = NO;
				DEBUG_INFORMATION_FORMAT = dwarf;
				ENABLE_STRICT_OBJC_MSGSEND = YES;
				ENABLE_TESTABILITY = YES;
				GCC_C_LANGUAGE_STANDARD = gnu11;
				GCC_DYNAMIC_NO_PIC = NO;
				GCC_NO_COMMON_BLOCKS = YES;
				GCC_OPTIMIZATION_LEVEL = 0;
				GCC_PREPROCESSOR_DEFINITIONS = (
					"DEBUG=1",
					"$(inherited)",
				);
				GCC_WARN_64_TO_32_BIT_CONVERSION = YES;
				GCC_WARN_ABOUT_RETURN_TYPE = YES_ERROR;
				GCC_WARN_UNDECLARED_SELECTOR = YES;
				GCC_WARN_UNINITIALIZED_AUTOS = YES_AGGRESSIVE;
				GCC_WARN_UNUSED_FUNCTION = YES;
				GCC_WARN_UNUSED_VARIABLE = YES;
				IPHONEOS_DEPLOYMENT_TARGET = 16.2;
				MTL_ENABLE_DEBUG_INFO = INCLUDE_SOURCE;
				MTL_FAST_MATH = YES;
				ONLY_ACTIVE_ARCH = YES;
				SDKROOT = iphoneos;
				SWIFT_ACTIVE_COMPILATION_CONDITIONS = DEBUG;
				SWIFT_OPTIMIZATION_LEVEL = "-Onone";
			};
			name = Debug;
		};
		89A59FE52B15456300816145 /* Release */ = {
			isa = XCBuildConfiguration;
			buildSettings = {
				ALWAYS_SEARCH_USER_PATHS = NO;
				CLANG_ANALYZER_NONNULL = YES;
				CLANG_ANALYZER_NUMBER_OBJECT_CONVERSION = YES_AGGRESSIVE;
				CLANG_CXX_LANGUAGE_STANDARD = "gnu++20";
				CLANG_ENABLE_MODULES = YES;
				CLANG_ENABLE_OBJC_ARC = YES;
				CLANG_ENABLE_OBJC_WEAK = YES;
				CLANG_WARN_BLOCK_CAPTURE_AUTORELEASING = YES;
				CLANG_WARN_BOOL_CONVERSION = YES;
				CLANG_WARN_COMMA = YES;
				CLANG_WARN_CONSTANT_CONVERSION = YES;
				CLANG_WARN_DEPRECATED_OBJC_IMPLEMENTATIONS = YES;
				CLANG_WARN_DIRECT_OBJC_ISA_USAGE = YES_ERROR;
				CLANG_WARN_DOCUMENTATION_COMMENTS = YES;
				CLANG_WARN_EMPTY_BODY = YES;
				CLANG_WARN_ENUM_CONVERSION = YES;
				CLANG_WARN_INFINITE_RECURSION = YES;
				CLANG_WARN_INT_CONVERSION = YES;
				CLANG_WARN_NON_LITERAL_NULL_CONVERSION = YES;
				CLANG_WARN_OBJC_IMPLICIT_RETAIN_SELF = YES;
				CLANG_WARN_OBJC_LITERAL_CONVERSION = YES;
				CLANG_WARN_OBJC_ROOT_CLASS = YES_ERROR;
				CLANG_WARN_QUOTED_INCLUDE_IN_FRAMEWORK_HEADER = YES;
				CLANG_WARN_RANGE_LOOP_ANALYSIS = YES;
				CLANG_WARN_STRICT_PROTOTYPES = YES;
				CLANG_WARN_SUSPICIOUS_MOVE = YES;
				CLANG_WARN_UNGUARDED_AVAILABILITY = YES_AGGRESSIVE;
				CLANG_WARN_UNREACHABLE_CODE = YES;
				CLANG_WARN__DUPLICATE_METHOD_MATCH = YES;
				COPY_PHASE_STRIP = NO;
				DEBUG_INFORMATION_FORMAT = "dwarf-with-dsym";
				ENABLE_NS_ASSERTIONS = NO;
				ENABLE_STRICT_OBJC_MSGSEND = YES;
				GCC_C_LANGUAGE_STANDARD = gnu11;
				GCC_NO_COMMON_BLOCKS = YES;
				GCC_WARN_64_TO_32_BIT_CONVERSION = YES;
				GCC_WARN_ABOUT_RETURN_TYPE = YES_ERROR;
				GCC_WARN_UNDECLARED_SELECTOR = YES;
				GCC_WARN_UNINITIALIZED_AUTOS = YES_AGGRESSIVE;
				GCC_WARN_UNUSED_FUNCTION = YES;
				GCC_WARN_UNUSED_VARIABLE = YES;
				IPHONEOS_DEPLOYMENT_TARGET = 16.2;
				MTL_ENABLE_DEBUG_INFO = NO;
				MTL_FAST_MATH = YES;
				SDKROOT = iphoneos;
				SWIFT_COMPILATION_MODE = wholemodule;
				SWIFT_OPTIMIZATION_LEVEL = "-O";
				VALIDATE_PRODUCT = YES;
			};
			name = Release;
		};
		89A59FE72B15456300816145 /* Debug */ = {
			isa = XCBuildConfiguration;
			buildSettings = {
				ASSETCATALOG_COMPILER_APPICON_NAME = AppIcon;
				ASSETCATALOG_COMPILER_GLOBAL_ACCENT_COLOR_NAME = AccentColor;
				CODE_SIGN_ENTITLEMENTS = bookswap2/bookswap2.entitlements;
				CODE_SIGN_STYLE = Automatic;
				CURRENT_PROJECT_VERSION = 1;
				DEVELOPMENT_TEAM = 9NFKV55A87;
				GENERATE_INFOPLIST_FILE = YES;
				INFOPLIST_FILE = bookswap2/Info.plist;
				INFOPLIST_KEY_UIApplicationSupportsIndirectInputEvents = YES;
				INFOPLIST_KEY_UILaunchStoryboardName = LaunchScreen;
				INFOPLIST_KEY_UIMainStoryboardFile = Main;
				INFOPLIST_KEY_UISupportedInterfaceOrientations_iPad = "UIInterfaceOrientationPortrait UIInterfaceOrientationPortraitUpsideDown UIInterfaceOrientationLandscapeLeft UIInterfaceOrientationLandscapeRight";
				INFOPLIST_KEY_UISupportedInterfaceOrientations_iPhone = "UIInterfaceOrientationPortrait UIInterfaceOrientationLandscapeLeft UIInterfaceOrientationLandscapeRight";
				LD_RUNPATH_SEARCH_PATHS = (
					"$(inherited)",
					"@executable_path/Frameworks",
				);
				MARKETING_VERSION = 1.0;
				PRODUCT_BUNDLE_IDENTIFIER = Test.bookswap2;
				PRODUCT_NAME = "$(TARGET_NAME)";
				SWIFT_EMIT_LOC_STRINGS = YES;
				SWIFT_VERSION = 5.0;
				TARGETED_DEVICE_FAMILY = "1,2";
			};
			name = Debug;
		};
		89A59FE82B15456300816145 /* Release */ = {
			isa = XCBuildConfiguration;
			buildSettings = {
				ASSETCATALOG_COMPILER_APPICON_NAME = AppIcon;
				ASSETCATALOG_COMPILER_GLOBAL_ACCENT_COLOR_NAME = AccentColor;
				CODE_SIGN_ENTITLEMENTS = bookswap2/bookswap2.entitlements;
				CODE_SIGN_STYLE = Automatic;
				CURRENT_PROJECT_VERSION = 1;
				DEVELOPMENT_TEAM = 9NFKV55A87;
				GENERATE_INFOPLIST_FILE = YES;
				INFOPLIST_FILE = bookswap2/Info.plist;
				INFOPLIST_KEY_UIApplicationSupportsIndirectInputEvents = YES;
				INFOPLIST_KEY_UILaunchStoryboardName = LaunchScreen;
				INFOPLIST_KEY_UIMainStoryboardFile = Main;
				INFOPLIST_KEY_UISupportedInterfaceOrientations_iPad = "UIInterfaceOrientationPortrait UIInterfaceOrientationPortraitUpsideDown UIInterfaceOrientationLandscapeLeft UIInterfaceOrientationLandscapeRight";
				INFOPLIST_KEY_UISupportedInterfaceOrientations_iPhone = "UIInterfaceOrientationPortrait UIInterfaceOrientationLandscapeLeft UIInterfaceOrientationLandscapeRight";
				LD_RUNPATH_SEARCH_PATHS = (
					"$(inherited)",
					"@executable_path/Frameworks",
				);
				MARKETING_VERSION = 1.0;
				PRODUCT_BUNDLE_IDENTIFIER = Test.bookswap2;
				PRODUCT_NAME = "$(TARGET_NAME)";
				SWIFT_EMIT_LOC_STRINGS = YES;
				SWIFT_VERSION = 5.0;
				TARGETED_DEVICE_FAMILY = "1,2";
			};
			name = Release;
		};
		89A59FEA2B15456300816145 /* Debug */ = {
			isa = XCBuildConfiguration;
			buildSettings = {
				ALWAYS_EMBED_SWIFT_STANDARD_LIBRARIES = YES;
				BUNDLE_LOADER = "$(TEST_HOST)";
				CODE_SIGN_STYLE = Automatic;
				CURRENT_PROJECT_VERSION = 1;
				GENERATE_INFOPLIST_FILE = YES;
				IPHONEOS_DEPLOYMENT_TARGET = 16.2;
				MARKETING_VERSION = 1.0;
				PRODUCT_BUNDLE_IDENTIFIER = Test.bookswap2Tests;
				PRODUCT_NAME = "$(TARGET_NAME)";
				SWIFT_EMIT_LOC_STRINGS = NO;
				SWIFT_VERSION = 5.0;
				TARGETED_DEVICE_FAMILY = "1,2";
				TEST_HOST = "$(BUILT_PRODUCTS_DIR)/bookswap2.app/$(BUNDLE_EXECUTABLE_FOLDER_PATH)/bookswap2";
			};
			name = Debug;
		};
		89A59FEB2B15456300816145 /* Release */ = {
			isa = XCBuildConfiguration;
			buildSettings = {
				ALWAYS_EMBED_SWIFT_STANDARD_LIBRARIES = YES;
				BUNDLE_LOADER = "$(TEST_HOST)";
				CODE_SIGN_STYLE = Automatic;
				CURRENT_PROJECT_VERSION = 1;
				GENERATE_INFOPLIST_FILE = YES;
				IPHONEOS_DEPLOYMENT_TARGET = 16.2;
				MARKETING_VERSION = 1.0;
				PRODUCT_BUNDLE_IDENTIFIER = Test.bookswap2Tests;
				PRODUCT_NAME = "$(TARGET_NAME)";
				SWIFT_EMIT_LOC_STRINGS = NO;
				SWIFT_VERSION = 5.0;
				TARGETED_DEVICE_FAMILY = "1,2";
				TEST_HOST = "$(BUILT_PRODUCTS_DIR)/bookswap2.app/$(BUNDLE_EXECUTABLE_FOLDER_PATH)/bookswap2";
			};
			name = Release;
		};
		89A59FED2B15456300816145 /* Debug */ = {
			isa = XCBuildConfiguration;
			buildSettings = {
				ALWAYS_EMBED_SWIFT_STANDARD_LIBRARIES = YES;
				CODE_SIGN_STYLE = Automatic;
				CURRENT_PROJECT_VERSION = 1;
				GENERATE_INFOPLIST_FILE = YES;
				MARKETING_VERSION = 1.0;
				PRODUCT_BUNDLE_IDENTIFIER = Test.bookswap2UITests;
				PRODUCT_NAME = "$(TARGET_NAME)";
				SWIFT_EMIT_LOC_STRINGS = NO;
				SWIFT_VERSION = 5.0;
				TARGETED_DEVICE_FAMILY = "1,2";
				TEST_TARGET_NAME = bookswap2;
			};
			name = Debug;
		};
		89A59FEE2B15456300816145 /* Release */ = {
			isa = XCBuildConfiguration;
			buildSettings = {
				ALWAYS_EMBED_SWIFT_STANDARD_LIBRARIES = YES;
				CODE_SIGN_STYLE = Automatic;
				CURRENT_PROJECT_VERSION = 1;
				GENERATE_INFOPLIST_FILE = YES;
				MARKETING_VERSION = 1.0;
				PRODUCT_BUNDLE_IDENTIFIER = Test.bookswap2UITests;
				PRODUCT_NAME = "$(TARGET_NAME)";
				SWIFT_EMIT_LOC_STRINGS = NO;
				SWIFT_VERSION = 5.0;
				TARGETED_DEVICE_FAMILY = "1,2";
				TEST_TARGET_NAME = bookswap2;
			};
			name = Release;
		};
/* End XCBuildConfiguration section */

/* Begin XCConfigurationList section */
		89A59FB72B15456100816145 /* Build configuration list for PBXProject "bookswap2" */ = {
			isa = XCConfigurationList;
			buildConfigurations = (
				89A59FE42B15456300816145 /* Debug */,
				89A59FE52B15456300816145 /* Release */,
			);
			defaultConfigurationIsVisible = 0;
			defaultConfigurationName = Release;
		};
		89A59FE62B15456300816145 /* Build configuration list for PBXNativeTarget "bookswap2" */ = {
			isa = XCConfigurationList;
			buildConfigurations = (
				89A59FE72B15456300816145 /* Debug */,
				89A59FE82B15456300816145 /* Release */,
			);
			defaultConfigurationIsVisible = 0;
			defaultConfigurationName = Release;
		};
		89A59FE92B15456300816145 /* Build configuration list for PBXNativeTarget "bookswap2Tests" */ = {
			isa = XCConfigurationList;
			buildConfigurations = (
				89A59FEA2B15456300816145 /* Debug */,
				89A59FEB2B15456300816145 /* Release */,
			);
			defaultConfigurationIsVisible = 0;
			defaultConfigurationName = Release;
		};
		89A59FEC2B15456300816145 /* Build configuration list for PBXNativeTarget "bookswap2UITests" */ = {
			isa = XCConfigurationList;
			buildConfigurations = (
				89A59FED2B15456300816145 /* Debug */,
				89A59FEE2B15456300816145 /* Release */,
			);
			defaultConfigurationIsVisible = 0;
			defaultConfigurationName = Release;
		};
/* End XCConfigurationList section */

/* Begin XCRemoteSwiftPackageReference section */
		237869272B9F8C2F0048A468 /* XCRemoteSwiftPackageReference "firebase-ios-sdk" */ = {
			isa = XCRemoteSwiftPackageReference;
			repositoryURL = "https://github.com/firebase/firebase-ios-sdk";
			requirement = {
				kind = upToNextMajorVersion;
				minimumVersion = 10.22.1;
			};
		};
/* End XCRemoteSwiftPackageReference section */

/* Begin XCSwiftPackageProductDependency section */
		237869282B9F8C2F0048A468 /* FirebaseAuth */ = {
			isa = XCSwiftPackageProductDependency;
			package = 237869272B9F8C2F0048A468 /* XCRemoteSwiftPackageReference "firebase-ios-sdk" */;
			productName = FirebaseAuth;
		};
		2378692A2B9F8C2F0048A468 /* FirebaseStorage */ = {
			isa = XCSwiftPackageProductDependency;
			package = 237869272B9F8C2F0048A468 /* XCRemoteSwiftPackageReference "firebase-ios-sdk" */;
			productName = FirebaseStorage;
		};
		2378692C2B9F900E0048A468 /* FirebaseFirestore */ = {
			isa = XCSwiftPackageProductDependency;
			package = 237869272B9F8C2F0048A468 /* XCRemoteSwiftPackageReference "firebase-ios-sdk" */;
			productName = FirebaseFirestore;
		};
/* End XCSwiftPackageProductDependency section */
	};
	rootObject = 89A59FB42B15456100816145 /* Project object */;
}
